
Microsoft Visual Studio Solution File, Format Version 12.00
# Visual Studio 2013
VisualStudioVersion = 12.0.30501.0
MinimumVisualStudioVersion = 10.0.40219.1
Project("{FAE04EC0-301F-11D3-BF4B-00C04F79EFBC}") = "Tims.Samples.RateLimiting.Web", "Tims.Samples.RateLimiting.Web\Tims.Samples.RateLimiting.Web.csproj", "{FE9152F8-ACA9-48F5-8609-273683BB6ACE}"
EndProject
Project("{2150E333-8FDC-42A3-9474-1A3956D46DE8}") = "Solution Items", "Solution Items", "{E15A077E-8217-44CE-8754-7E9D9AD180F7}"
	ProjectSection(SolutionItems) = preProject
		.gitignore = .gitignore
		README.md = README.md
	EndProjectSection
EndProject
Global
	GlobalSection(SolutionConfigurationPlatforms) = preSolution
		Debug|Any CPU = Debug|Any CPU
		Release|Any CPU = Release|Any CPU
	EndGlobalSection
	GlobalSection(ProjectConfigurationPlatforms) = postSolution
		{FE9152F8-ACA9-48F5-8609-273683BB6ACE}.Debug|Any CPU.ActiveCfg = Debug|Any CPU
		{FE9152F8-ACA9-48F5-8609-273683BB6ACE}.Debug|Any CPU.Build.0 = Debug|Any CPU
		{FE9152F8-ACA9-48F5-8609-273683BB6ACE}.Release|Any CPU.ActiveCfg = Release|Any CPU
		{FE9152F8-ACA9-48F5-8609-273683BB6ACE}.Release|Any CPU.Build.0 = Release|Any CPU
	EndGlobalSection
	GlobalSection(SolutionProperties) = preSolution
		HideSolutionNode = FALSE
	EndGlobalSection
EndGlobal
